
Microsoft Visual Studio Solution File, Format Version 12.00
# Visual Studio Version 17
VisualStudioVersion = 17.14.36109.1 d17.14
MinimumVisualStudioVersion = 10.0.40219.1
Project("{8BC9CEB8-8B4A-11D0-8D11-00A0C91BC942}") = "HW02", "HW02\HW02.vcxproj", "{F336D4B7-2EF1-4B84-B652-3433E8AD5401}"
EndProject
Global
	GlobalSection(SolutionConfigurationPlatforms) = preSolution
		Debug|x64 = Debug|x64
		Debug|x86 = Debug|x86
		Release|x64 = Release|x64
		Release|x86 = Release|x86
	EndGlobalSection
	GlobalSection(ProjectConfigurationPlatforms) = postSolution
		{F336D4B7-2EF1-4B84-B652-3433E8AD5401}.Debug|x64.ActiveCfg = Debug|x64
		{F336D4B7-2EF1-4B84-B652-3433E8AD5401}.Debug|x64.Build.0 = Debug|x64
		{F336D4B7-2EF1-4B84-B652-3433E8AD5401}.Debug|x86.ActiveCfg = Debug|Win32
		{F336D4B7-2EF1-4B84-B652-3433E8AD5401}.Debug|x86.Build.0 = Debug|Win32
		{F336D4B7-2EF1-4B84-B652-3433E8AD5401}.Release|x64.ActiveCfg = Release|x64
		{F336D4B7-2EF1-4B84-B652-3433E8AD5401}.Release|x64.Build.0 = Release|x64
		{F336D4B7-2EF1-4B84-B652-3433E8AD5401}.Release|x86.ActiveCfg = Release|Win32
		{F336D4B7-2EF1-4B84-B652-3433E8AD5401}.Release|x86.Build.0 = Release|Win32
	EndGlobalSection
	GlobalSection(SolutionProperties) = preSolution
		HideSolutionNode = FALSE
	EndGlobalSection
	GlobalSection(ExtensibilityGlobals) = postSolution
		SolutionGuid = {CB22D892-AFAA-487E-AD77-82F02FD9F22E}
	EndGlobalSection
EndGlobal
